{
  "version": "5",
  "remote": {
    "https://edge.netlify.com/": "fd941d61d88673d5f28aab283fb86fcc50f08a3bc80ee5470498fcfa88c65cfb",
    "https://edge.netlify.com/bootstrap/config.ts": "6a2ce0e544e15e8f8883a5c18da5948e37fd0f2619f68cb31f3af53c51817025",
    "https://edge.netlify.com/bootstrap/context.ts": "e97240232121e2f369f6546ce961490f34d961ea1ea54be3ff09633e3f08373f",
    "https://edge.netlify.com/bootstrap/cookie.ts": "8b0baae708989ca183c6f3b4ab3d029e6abcbc2e43f93edeb0ff447b3bbc3a05",
    "https://edge.netlify.com/bootstrap/edge_function.ts": "b8253e86aa83c67341f5cfedeba5049d77fbf84dcab7eceff7566b7728ae9b39",
    "https://edge.netlify.com/bootstrap/globals/types.ts": "eaa6148ded3121d8dee62dd91c86e7fe76601df0f3ca8d7962243a30f4c8935f"
  },
  "workspace": {
    "packageJson": {
      "dependencies": [
        "npm:@eslint/eslintrc@^3.2.0",
        "npm:@eslint/js@^9.18.0",
        "npm:@nestjs/cli@11",
        "npm:@nestjs/common@^11.0.1",
        "npm:@nestjs/config@^4.0.3",
        "npm:@nestjs/core@^11.0.1",
        "npm:@nestjs/jwt@^11.0.2",
        "npm:@nestjs/passport@^11.0.5",
        "npm:@nestjs/platform-express@^11.1.16",
        "npm:@nestjs/schematics@11",
        "npm:@nestjs/testing@^11.0.1",
        "npm:@nestjs/throttler@^6.5.0",
        "npm:@nestjs/typeorm@11",
        "npm:@types/bcryptjs@^2.4.6",
        "npm:@types/cookie-parser@^1.4.10",
        "npm:@types/express@5",
        "npm:@types/jest@30",
        "npm:@types/node@^22.10.7",
        "npm:@types/passport-jwt@^4.0.1",
        "npm:@types/passport-local@^1.0.38",
        "npm:@types/supertest@^6.0.2",
        "npm:bcryptjs@^3.0.3",
        "npm:class-transformer@~0.5.1",
        "npm:class-validator@~0.15.1",
        "npm:cookie-parser@^1.4.7",
        "npm:eslint-config-prettier@^10.0.1",
        "npm:eslint-plugin-prettier@^5.2.2",
        "npm:eslint@^9.18.0",
        "npm:globals@16",
        "npm:init@~0.1.2",
        "npm:jest@30",
        "npm:neonctl@^2.21.2",
        "npm:passport-jwt@^4.0.1",
        "npm:passport-local@1",
        "npm:passport@0.7",
        "npm:pg@^8.20.0",
        "npm:prettier@^3.4.2",
        "npm:reflect-metadata@~0.2.2",
        "npm:rxjs@^7.8.1",
        "npm:serverless-http@4",
        "npm:source-map-support@~0.5.21",
        "npm:supertest@7",
        "npm:ts-jest@^29.2.5",
        "npm:ts-loader@^9.5.2",
        "npm:ts-node@^10.9.2",
        "npm:tsconfig-paths@^4.2.0",
        "npm:typeorm@~0.3.28",
        "npm:typescript-eslint@^8.20.0",
        "npm:typescript@^5.7.3"
      ]
    }
  }
}
